# This file was autogenerated by Stack.
# You should not edit this file by hand.
# For more information, please see the documentation at:
#   https://docs.haskellstack.org/en/stable/lock_files

packages:
- completed:
    hackage: servant-options-0.1.0.0@sha256:39f50166a68006250e79370372f553ca476f14d06d93fa0c401050253aeba803,914
    pantry-tree:
      size: 293
      sha256: 7812baf1b27c62068ba634207fbd7077b886424d666b36739a78c6d4008a1fd4
  original:
    hackage: servant-options-0.1.0.0
- completed:
    hackage: haskell-postgis-0.2.0@sha256:f222a95f032d396ce0ad590174ac1207416be1f8faa6b721a327b6fb84bbb328,1715
    pantry-tree:
      size: 547
      sha256: 3a4642023f260cba4da884e032e2a4bdcb9f99c278cb306fd50f8e0bc257f424
  original:
    hackage: haskell-postgis-0.2.0
- completed:
    hackage: servant-auth-0.4.0.0@sha256:01d02dfb7df4747fc96442517146d7d4ab0e575e597a124e238e8763036ea4ff,2125
    pantry-tree:
      size: 332
      sha256: a7ec2c54fddfa417ee2467f1131b1d83ad43cc29ddfd4b98869fc924e4b5e980
  original:
    hackage: servant-auth-0.4.0.0
- completed:
    hackage: servant-auth-server-0.4.6.0@sha256:b411b44f4252e91e5da2455d71a7113c8b5b8ff2d943d19b2ddedcfcf0392351,5111
    pantry-tree:
      size: 1376
      sha256: 8cd29612112546a02085e2cb30dd5a72ea46ed81e644195c589d0b26652279cb
  original:
    hackage: servant-auth-server-0.4.6.0
- completed:
    hackage: servant-auth-client-0.4.1.0@sha256:96d8153907a00ef05e8918ca03a972d95ecde485da0df12f6532d248f057eb60,3437
    pantry-tree:
      size: 480
      sha256: 1d87e9ef405be1b7b728dfd9058ef79220398633b36996c7ff363278ed7ab459
  original:
    hackage: servant-auth-client-0.4.1.0
snapshots:
- completed:
    size: 567672
    url: https://raw.githubusercontent.com/commercialhaskell/stackage-snapshots/master/lts/17/11.yaml
    sha256: 03181cdbeb671eb605bbcf6f285bea4d094b6ac7433a0e14a9f1dd54ad995938
  original:
    url: https://raw.githubusercontent.com/commercialhaskell/stackage-snapshots/master/lts/17/11.yaml
