# This file was autogenerated by Stack.
# You should not edit this file by hand.
# For more information, please see the documentation at:
#   https://docs.haskellstack.org/en/stable/lock_files

packages:
- completed:
    hackage: servant-options-0.1.0.0@sha256:39f50166a68006250e79370372f553ca476f14d06d93fa0c401050253aeba803,914
    pantry-tree:
      size: 293
      sha256: 7812baf1b27c62068ba634207fbd7077b886424d666b36739a78c6d4008a1fd4
  original:
    hackage: servant-options-0.1.0.0
- completed:
    hackage: haskell-postgis-0.2.0@sha256:f222a95f032d396ce0ad590174ac1207416be1f8faa6b721a327b6fb84bbb328,1715
    pantry-tree:
      size: 547
      sha256: 3a4642023f260cba4da884e032e2a4bdcb9f99c278cb306fd50f8e0bc257f424
  original:
    hackage: haskell-postgis-0.2.0
snapshots:
- completed:
    size: 567672
    url: https://raw.githubusercontent.com/commercialhaskell/stackage-snapshots/master/lts/17/11.yaml
    sha256: 03181cdbeb671eb605bbcf6f285bea4d094b6ac7433a0e14a9f1dd54ad995938
  original:
    url: https://raw.githubusercontent.com/commercialhaskell/stackage-snapshots/master/lts/17/11.yaml
